
Microsoft Visual Studio Solution File, Format Version 12.00
# Visual Studio Version 17
VisualStudioVersion = 17.13.35828.75
MinimumVisualStudioVersion = 10.0.40219.1
Project("{2150E333-8FDC-42A3-9474-1A3956D46DE8}") = "Services", "Services", "{02EA681E-C7D8-13C7-8484-4AC65E1B71E8}"
EndProject
Project("{2150E333-8FDC-42A3-9474-1A3956D46DE8}") = "Catalog", "Catalog", "{08572558-464B-4CE1-BF8F-BC8328DA8EF4}"
EndProject
Project("{FAE04EC0-301F-11D3-BF4B-00C04F79EFBC}") = "Catalog.API", "Services\Catalog\Catalog.API\Catalog.API.csproj", "{ECC1CBEA-4CC8-4543-BEF0-15961D8BD5D4}"
EndProject
Project("{2150E333-8FDC-42A3-9474-1A3956D46DE8}") = "BuildingBlocks", "BuildingBlocks", "{9845DFCE-B917-4196-92EA-213426A5C197}"
EndProject
Project("{FAE04EC0-301F-11D3-BF4B-00C04F79EFBC}") = "BuildingBlocks", "BuildingBlocks\BuildingBlocks\BuildingBlocks.csproj", "{426D5E75-4169-48EB-8399-7FD6BFBDD459}"
EndProject
Project("{E53339B2-1760-4266-BCC7-CA923CBCF16C}") = "docker-compose", "docker-compose.dcproj", "{81DDED9D-158B-E303-5F62-77A2896D2A5A}"
EndProject
Project("{2150E333-8FDC-42A3-9474-1A3956D46DE8}") = "Basket", "Basket", "{3FCDF65A-B03D-4343-A33D-ECCA9FA78162}"
EndProject
Project("{FAE04EC0-301F-11D3-BF4B-00C04F79EFBC}") = "Basket.API", "Services\Basket\Basket.API\Basket.API.csproj", "{891C6645-3837-4E44-A642-C9AA04D491DF}"
EndProject
Project("{2150E333-8FDC-42A3-9474-1A3956D46DE8}") = "Discount", "Discount", "{2FF4BE45-302B-441A-A854-15A0D64E6379}"
EndProject
Project("{FAE04EC0-301F-11D3-BF4B-00C04F79EFBC}") = "Discount.gRPC", "Services\Discount\Discount.gRPC\Discount.gRPC.csproj", "{EF797A5C-C8C7-4D8A-928E-8E636F06B10C}"
EndProject
Project("{2150E333-8FDC-42A3-9474-1A3956D46DE8}") = "Ordering", "Ordering", "{FBC4B2A0-CF17-4225-B8E4-08FBB26EF6A5}"
EndProject
Project("{FAE04EC0-301F-11D3-BF4B-00C04F79EFBC}") = "Ordering.API", "Services\Ordering\Ordering.API\Ordering.API.csproj", "{9AAF05D0-F800-472C-BEE9-8A1D904ED9B6}"
EndProject
Project("{FAE04EC0-301F-11D3-BF4B-00C04F79EFBC}") = "Ordering.Domain", "Services\Ordering\Ordering.Domain\Ordering.Domain.csproj", "{317AF387-838F-4410-93D7-0CE0776EA478}"
EndProject
Project("{FAE04EC0-301F-11D3-BF4B-00C04F79EFBC}") = "Ordering.Application", "Services\Ordering\Ordering.Application\Ordering.Application.csproj", "{9155D92B-3F1B-4CF1-9D50-6BF9BA377B6F}"
EndProject
Project("{FAE04EC0-301F-11D3-BF4B-00C04F79EFBC}") = "Ordering.Infrastructure", "Services\Ordering\Ordering.Infrastructure\Ordering.Infrastructure.csproj", "{A24F6BAB-969C-4E7C-B250-CEDAD093ACEC}"
EndProject
Project("{FAE04EC0-301F-11D3-BF4B-00C04F79EFBC}") = "BuildingBlocks.Messaging", "BuildingBlocks\BuildingBlocks.Messaging\BuildingBlocks.Messaging.csproj", "{89A616BF-2A73-407A-BF64-34BEFA38A57A}"
EndProject
Project("{2150E333-8FDC-42A3-9474-1A3956D46DE8}") = "ApiGateways", "ApiGateways", "{C5B41136-605B-4A9E-978C-3AD257E1341A}"
EndProject
Project("{FAE04EC0-301F-11D3-BF4B-00C04F79EFBC}") = "YarpApiGateway", "ApiGateways\YarpApiGateway\YarpApiGateway.csproj", "{C693347A-B004-4136-A97F-7D646F0124A0}"
EndProject
Global
	GlobalSection(SolutionConfigurationPlatforms) = preSolution
		Debug|Any CPU = Debug|Any CPU
		Release|Any CPU = Release|Any CPU
	EndGlobalSection
	GlobalSection(ProjectConfigurationPlatforms) = postSolution
		{ECC1CBEA-4CC8-4543-BEF0-15961D8BD5D4}.Debug|Any CPU.ActiveCfg = Debug|Any CPU
		{ECC1CBEA-4CC8-4543-BEF0-15961D8BD5D4}.Debug|Any CPU.Build.0 = Debug|Any CPU
		{ECC1CBEA-4CC8-4543-BEF0-15961D8BD5D4}.Release|Any CPU.ActiveCfg = Release|Any CPU
		{ECC1CBEA-4CC8-4543-BEF0-15961D8BD5D4}.Release|Any CPU.Build.0 = Release|Any CPU
		{426D5E75-4169-48EB-8399-7FD6BFBDD459}.Debug|Any CPU.ActiveCfg = Debug|Any CPU
		{426D5E75-4169-48EB-8399-7FD6BFBDD459}.Debug|Any CPU.Build.0 = Debug|Any CPU
		{426D5E75-4169-48EB-8399-7FD6BFBDD459}.Release|Any CPU.ActiveCfg = Release|Any CPU
		{426D5E75-4169-48EB-8399-7FD6BFBDD459}.Release|Any CPU.Build.0 = Release|Any CPU
		{81DDED9D-158B-E303-5F62-77A2896D2A5A}.Debug|Any CPU.ActiveCfg = Debug|Any CPU
		{81DDED9D-158B-E303-5F62-77A2896D2A5A}.Debug|Any CPU.Build.0 = Debug|Any CPU
		{81DDED9D-158B-E303-5F62-77A2896D2A5A}.Release|Any CPU.ActiveCfg = Release|Any CPU
		{81DDED9D-158B-E303-5F62-77A2896D2A5A}.Release|Any CPU.Build.0 = Release|Any CPU
		{891C6645-3837-4E44-A642-C9AA04D491DF}.Debug|Any CPU.ActiveCfg = Debug|Any CPU
		{891C6645-3837-4E44-A642-C9AA04D491DF}.Debug|Any CPU.Build.0 = Debug|Any CPU
		{891C6645-3837-4E44-A642-C9AA04D491DF}.Release|Any CPU.ActiveCfg = Release|Any CPU
		{891C6645-3837-4E44-A642-C9AA04D491DF}.Release|Any CPU.Build.0 = Release|Any CPU
		{EF797A5C-C8C7-4D8A-928E-8E636F06B10C}.Debug|Any CPU.ActiveCfg = Debug|Any CPU
		{EF797A5C-C8C7-4D8A-928E-8E636F06B10C}.Debug|Any CPU.Build.0 = Debug|Any CPU
		{EF797A5C-C8C7-4D8A-928E-8E636F06B10C}.Release|Any CPU.ActiveCfg = Release|Any CPU
		{EF797A5C-C8C7-4D8A-928E-8E636F06B10C}.Release|Any CPU.Build.0 = Release|Any CPU
		{9AAF05D0-F800-472C-BEE9-8A1D904ED9B6}.Debug|Any CPU.ActiveCfg = Debug|Any CPU
		{9AAF05D0-F800-472C-BEE9-8A1D904ED9B6}.Debug|Any CPU.Build.0 = Debug|Any CPU
		{9AAF05D0-F800-472C-BEE9-8A1D904ED9B6}.Release|Any CPU.ActiveCfg = Release|Any CPU
		{9AAF05D0-F800-472C-BEE9-8A1D904ED9B6}.Release|Any CPU.Build.0 = Release|Any CPU
		{317AF387-838F-4410-93D7-0CE0776EA478}.Debug|Any CPU.ActiveCfg = Debug|Any CPU
		{317AF387-838F-4410-93D7-0CE0776EA478}.Debug|Any CPU.Build.0 = Debug|Any CPU
		{317AF387-838F-4410-93D7-0CE0776EA478}.Release|Any CPU.ActiveCfg = Release|Any CPU
		{317AF387-838F-4410-93D7-0CE0776EA478}.Release|Any CPU.Build.0 = Release|Any CPU
		{9155D92B-3F1B-4CF1-9D50-6BF9BA377B6F}.Debug|Any CPU.ActiveCfg = Debug|Any CPU
		{9155D92B-3F1B-4CF1-9D50-6BF9BA377B6F}.Debug|Any CPU.Build.0 = Debug|Any CPU
		{9155D92B-3F1B-4CF1-9D50-6BF9BA377B6F}.Release|Any CPU.ActiveCfg = Release|Any CPU
		{9155D92B-3F1B-4CF1-9D50-6BF9BA377B6F}.Release|Any CPU.Build.0 = Release|Any CPU
		{A24F6BAB-969C-4E7C-B250-CEDAD093ACEC}.Debug|Any CPU.ActiveCfg = Debug|Any CPU
		{A24F6BAB-969C-4E7C-B250-CEDAD093ACEC}.Debug|Any CPU.Build.0 = Debug|Any CPU
		{A24F6BAB-969C-4E7C-B250-CEDAD093ACEC}.Release|Any CPU.ActiveCfg = Release|Any CPU
		{A24F6BAB-969C-4E7C-B250-CEDAD093ACEC}.Release|Any CPU.Build.0 = Release|Any CPU
		{89A616BF-2A73-407A-BF64-34BEFA38A57A}.Debug|Any CPU.ActiveCfg = Debug|Any CPU
		{89A616BF-2A73-407A-BF64-34BEFA38A57A}.Debug|Any CPU.Build.0 = Debug|Any CPU
		{89A616BF-2A73-407A-BF64-34BEFA38A57A}.Release|Any CPU.ActiveCfg = Release|Any CPU
		{89A616BF-2A73-407A-BF64-34BEFA38A57A}.Release|Any CPU.Build.0 = Release|Any CPU
		{C693347A-B004-4136-A97F-7D646F0124A0}.Debug|Any CPU.ActiveCfg = Debug|Any CPU
		{C693347A-B004-4136-A97F-7D646F0124A0}.Debug|Any CPU.Build.0 = Debug|Any CPU
		{C693347A-B004-4136-A97F-7D646F0124A0}.Release|Any CPU.ActiveCfg = Release|Any CPU
		{C693347A-B004-4136-A97F-7D646F0124A0}.Release|Any CPU.Build.0 = Release|Any CPU
	EndGlobalSection
	GlobalSection(SolutionProperties) = preSolution
		HideSolutionNode = FALSE
	EndGlobalSection
	GlobalSection(NestedProjects) = preSolution
		{08572558-464B-4CE1-BF8F-BC8328DA8EF4} = {02EA681E-C7D8-13C7-8484-4AC65E1B71E8}
		{ECC1CBEA-4CC8-4543-BEF0-15961D8BD5D4} = {08572558-464B-4CE1-BF8F-BC8328DA8EF4}
		{426D5E75-4169-48EB-8399-7FD6BFBDD459} = {9845DFCE-B917-4196-92EA-213426A5C197}
		{3FCDF65A-B03D-4343-A33D-ECCA9FA78162} = {02EA681E-C7D8-13C7-8484-4AC65E1B71E8}
		{891C6645-3837-4E44-A642-C9AA04D491DF} = {3FCDF65A-B03D-4343-A33D-ECCA9FA78162}
		{2FF4BE45-302B-441A-A854-15A0D64E6379} = {02EA681E-C7D8-13C7-8484-4AC65E1B71E8}
		{EF797A5C-C8C7-4D8A-928E-8E636F06B10C} = {2FF4BE45-302B-441A-A854-15A0D64E6379}
		{FBC4B2A0-CF17-4225-B8E4-08FBB26EF6A5} = {02EA681E-C7D8-13C7-8484-4AC65E1B71E8}
		{9AAF05D0-F800-472C-BEE9-8A1D904ED9B6} = {FBC4B2A0-CF17-4225-B8E4-08FBB26EF6A5}
		{317AF387-838F-4410-93D7-0CE0776EA478} = {FBC4B2A0-CF17-4225-B8E4-08FBB26EF6A5}
		{9155D92B-3F1B-4CF1-9D50-6BF9BA377B6F} = {FBC4B2A0-CF17-4225-B8E4-08FBB26EF6A5}
		{A24F6BAB-969C-4E7C-B250-CEDAD093ACEC} = {FBC4B2A0-CF17-4225-B8E4-08FBB26EF6A5}
		{89A616BF-2A73-407A-BF64-34BEFA38A57A} = {9845DFCE-B917-4196-92EA-213426A5C197}
		{C693347A-B004-4136-A97F-7D646F0124A0} = {C5B41136-605B-4A9E-978C-3AD257E1341A}
	EndGlobalSection
	GlobalSection(ExtensibilityGlobals) = postSolution
		SolutionGuid = {A2B7E58D-B8DC-4FE6-B02B-6B80868579D3}
	EndGlobalSection
EndGlobal
