
Microsoft Visual Studio Solution File, Format Version 12.00
# Visual Studio Version 17
VisualStudioVersion = 17.13.35828.75
MinimumVisualStudioVersion = 10.0.40219.1
Project("{2150E333-8FDC-42A3-9474-1A3956D46DE8}") = "Services", "Services", "{02EA681E-C7D8-13C7-8484-4AC65E1B71E8}"
EndProject
Project("{2150E333-8FDC-42A3-9474-1A3956D46DE8}") = "Catalog", "Catalog", "{08572558-464B-4CE1-BF8F-BC8328DA8EF4}"
EndProject
Project("{FAE04EC0-301F-11D3-BF4B-00C04F79EFBC}") = "Catalog.API", "Services\Catalog\Catalog.API\Catalog.API.csproj", "{ECC1CBEA-4CC8-4543-BEF0-15961D8BD5D4}"
EndProject
Project("{2150E333-8FDC-42A3-9474-1A3956D46DE8}") = "BuildingBlocks", "BuildingBlocks", "{9845DFCE-B917-4196-92EA-213426A5C197}"
EndProject
Project("{FAE04EC0-301F-11D3-BF4B-00C04F79EFBC}") = "BuildingBlocks", "BuildingBlocks\BuildingBlocks\BuildingBlocks.csproj", "{426D5E75-4169-48EB-8399-7FD6BFBDD459}"
EndProject
Project("{E53339B2-1760-4266-BCC7-CA923CBCF16C}") = "docker-compose", "docker-compose.dcproj", "{81DDED9D-158B-E303-5F62-77A2896D2A5A}"
EndProject
Project("{2150E333-8FDC-42A3-9474-1A3956D46DE8}") = "Basket", "Basket", "{3FCDF65A-B03D-4343-A33D-ECCA9FA78162}"
EndProject
Project("{FAE04EC0-301F-11D3-BF4B-00C04F79EFBC}") = "Basket.API", "Services\Basket\Basket.API\Basket.API.csproj", "{891C6645-3837-4E44-A642-C9AA04D491DF}"
EndProject
Global
	GlobalSection(SolutionConfigurationPlatforms) = preSolution
		Debug|Any CPU = Debug|Any CPU
		Release|Any CPU = Release|Any CPU
	EndGlobalSection
	GlobalSection(ProjectConfigurationPlatforms) = postSolution
		{ECC1CBEA-4CC8-4543-BEF0-15961D8BD5D4}.Debug|Any CPU.ActiveCfg = Debug|Any CPU
		{ECC1CBEA-4CC8-4543-BEF0-15961D8BD5D4}.Debug|Any CPU.Build.0 = Debug|Any CPU
		{ECC1CBEA-4CC8-4543-BEF0-15961D8BD5D4}.Release|Any CPU.ActiveCfg = Release|Any CPU
		{ECC1CBEA-4CC8-4543-BEF0-15961D8BD5D4}.Release|Any CPU.Build.0 = Release|Any CPU
		{426D5E75-4169-48EB-8399-7FD6BFBDD459}.Debug|Any CPU.ActiveCfg = Debug|Any CPU
		{426D5E75-4169-48EB-8399-7FD6BFBDD459}.Debug|Any CPU.Build.0 = Debug|Any CPU
		{426D5E75-4169-48EB-8399-7FD6BFBDD459}.Release|Any CPU.ActiveCfg = Release|Any CPU
		{426D5E75-4169-48EB-8399-7FD6BFBDD459}.Release|Any CPU.Build.0 = Release|Any CPU
		{81DDED9D-158B-E303-5F62-77A2896D2A5A}.Debug|Any CPU.ActiveCfg = Debug|Any CPU
		{81DDED9D-158B-E303-5F62-77A2896D2A5A}.Debug|Any CPU.Build.0 = Debug|Any CPU
		{81DDED9D-158B-E303-5F62-77A2896D2A5A}.Release|Any CPU.ActiveCfg = Release|Any CPU
		{81DDED9D-158B-E303-5F62-77A2896D2A5A}.Release|Any CPU.Build.0 = Release|Any CPU
		{891C6645-3837-4E44-A642-C9AA04D491DF}.Debug|Any CPU.ActiveCfg = Debug|Any CPU
		{891C6645-3837-4E44-A642-C9AA04D491DF}.Debug|Any CPU.Build.0 = Debug|Any CPU
		{891C6645-3837-4E44-A642-C9AA04D491DF}.Release|Any CPU.ActiveCfg = Release|Any CPU
		{891C6645-3837-4E44-A642-C9AA04D491DF}.Release|Any CPU.Build.0 = Release|Any CPU
	EndGlobalSection
	GlobalSection(SolutionProperties) = preSolution
		HideSolutionNode = FALSE
	EndGlobalSection
	GlobalSection(NestedProjects) = preSolution
		{08572558-464B-4CE1-BF8F-BC8328DA8EF4} = {02EA681E-C7D8-13C7-8484-4AC65E1B71E8}
		{ECC1CBEA-4CC8-4543-BEF0-15961D8BD5D4} = {08572558-464B-4CE1-BF8F-BC8328DA8EF4}
		{426D5E75-4169-48EB-8399-7FD6BFBDD459} = {9845DFCE-B917-4196-92EA-213426A5C197}
		{3FCDF65A-B03D-4343-A33D-ECCA9FA78162} = {02EA681E-C7D8-13C7-8484-4AC65E1B71E8}
		{891C6645-3837-4E44-A642-C9AA04D491DF} = {3FCDF65A-B03D-4343-A33D-ECCA9FA78162}
	EndGlobalSection
	GlobalSection(ExtensibilityGlobals) = postSolution
		SolutionGuid = {A2B7E58D-B8DC-4FE6-B02B-6B80868579D3}
	EndGlobalSection
EndGlobal
